// !$*UTF8*$!
{
	archiveVersion = 1;
	classes = {
	};
	objectVersion = 51;
	objects = {

/* Begin PBXBuildFile section */
		14333A42262C24D5004F9BF2 /* CommentService.swift in Sources */ = {isa = PBXBuildFile; fileRef = 14333A41262C24D5004F9BF2 /* CommentService.swift */; };
		14333A45262C2E65004F9BF2 /* Comment.swift in Sources */ = {isa = PBXBuildFile; fileRef = 14333A44262C2E65004F9BF2 /* Comment.swift */; };
		14333A48262C338F004F9BF2 /* CommentViewModel.swift in Sources */ = {isa = PBXBuildFile; fileRef = 14333A47262C338F004F9BF2 /* CommentViewModel.swift */; };
		145674232629B19100EF092D /* CommentController.swift in Sources */ = {isa = PBXBuildFile; fileRef = 145674222629B19100EF092D /* CommentController.swift */; };
		145674262629B36900EF092D /* CommentCell.swift in Sources */ = {isa = PBXBuildFile; fileRef = 145674252629B36900EF092D /* CommentCell.swift */; };
		145674292629BF6100EF092D /* CommentInputAccessoryView.swift in Sources */ = {isa = PBXBuildFile; fileRef = 145674282629BF6100EF092D /* CommentInputAccessoryView.swift */; };
		14740005261DAE4800A6D4B4 /* AppDelegate.swift in Sources */ = {isa = PBXBuildFile; fileRef = 14740004261DAE4800A6D4B4 /* AppDelegate.swift */; };
		14740007261DAE4800A6D4B4 /* SceneDelegate.swift in Sources */ = {isa = PBXBuildFile; fileRef = 14740006261DAE4800A6D4B4 /* SceneDelegate.swift */; };
		14740009261DAE4800A6D4B4 /* ViewController.swift in Sources */ = {isa = PBXBuildFile; fileRef = 14740008261DAE4800A6D4B4 /* ViewController.swift */; };
		1474000C261DAE4800A6D4B4 /* Main.storyboard in Resources */ = {isa = PBXBuildFile; fileRef = 1474000A261DAE4800A6D4B4 /* Main.storyboard */; };
		14740011261DAE4900A6D4B4 /* LaunchScreen.storyboard in Resources */ = {isa = PBXBuildFile; fileRef = 1474000F261DAE4900A6D4B4 /* LaunchScreen.storyboard */; };
		14740021261DB12800A6D4B4 /* MainTabController.swift in Sources */ = {isa = PBXBuildFile; fileRef = 14740020261DB12800A6D4B4 /* MainTabController.swift */; };
		14740025261DB2E900A6D4B4 /* FeedController.swift in Sources */ = {isa = PBXBuildFile; fileRef = 14740024261DB2E900A6D4B4 /* FeedController.swift */; };
		14740028261DB2FE00A6D4B4 /* SearchController.swift in Sources */ = {isa = PBXBuildFile; fileRef = 14740027261DB2FE00A6D4B4 /* SearchController.swift */; };
		1474002B261DB31B00A6D4B4 /* ImageSelectorController.swift in Sources */ = {isa = PBXBuildFile; fileRef = 1474002A261DB31B00A6D4B4 /* ImageSelectorController.swift */; };
		1474002E261DB33000A6D4B4 /* NotificationController.swift in Sources */ = {isa = PBXBuildFile; fileRef = 1474002D261DB33000A6D4B4 /* NotificationController.swift */; };
		14740031261DB34400A6D4B4 /* ProfileController.swift in Sources */ = {isa = PBXBuildFile; fileRef = 14740030261DB34400A6D4B4 /* ProfileController.swift */; };
		14740038261DB75C00A6D4B4 /* Assets.xcassets in Resources */ = {isa = PBXBuildFile; fileRef = 14740037261DB75C00A6D4B4 /* Assets.xcassets */; };
		1474003B261DC6C100A6D4B4 /* FeedCell.swift in Sources */ = {isa = PBXBuildFile; fileRef = 1474003A261DC6C100A6D4B4 /* FeedCell.swift */; };
		1474003E261DC78700A6D4B4 /* Extensions.swift in Sources */ = {isa = PBXBuildFile; fileRef = 1474003D261DC78700A6D4B4 /* Extensions.swift */; };
		14740042261DD85900A6D4B4 /* LoginController.swift in Sources */ = {isa = PBXBuildFile; fileRef = 14740041261DD85900A6D4B4 /* LoginController.swift */; };
		14740045261DD86700A6D4B4 /* RegistrationController.swift in Sources */ = {isa = PBXBuildFile; fileRef = 14740044261DD86700A6D4B4 /* RegistrationController.swift */; };
		14740048261DE1E600A6D4B4 /* CustomTextField.swift in Sources */ = {isa = PBXBuildFile; fileRef = 14740047261DE1E600A6D4B4 /* CustomTextField.swift */; };
		1474004B261DEC7C00A6D4B4 /* AuthenticationViewModel.swift in Sources */ = {isa = PBXBuildFile; fileRef = 1474004A261DEC7C00A6D4B4 /* AuthenticationViewModel.swift */; };
		1474004E261DF9B200A6D4B4 /* GoogleService-Info.plist in Resources */ = {isa = PBXBuildFile; fileRef = 1474004D261DF9B200A6D4B4 /* GoogleService-Info.plist */; };
		1475834526259008005C41BB /* ImageUploader.swift in Sources */ = {isa = PBXBuildFile; fileRef = 1475834426259008005C41BB /* ImageUploader.swift */; };
		1475834826259018005C41BB /* AuthService.swift in Sources */ = {isa = PBXBuildFile; fileRef = 1475834726259018005C41BB /* AuthService.swift */; };
		1475834B26259ED5005C41BB /* ProfileCell.swift in Sources */ = {isa = PBXBuildFile; fileRef = 1475834A26259ED5005C41BB /* ProfileCell.swift */; };
		1475834E26259EE5005C41BB /* ProfileHeader.swift in Sources */ = {isa = PBXBuildFile; fileRef = 1475834D26259EE5005C41BB /* ProfileHeader.swift */; };
		14A40740262DB0AB00A0E349 /* NotificationCell.swift in Sources */ = {isa = PBXBuildFile; fileRef = 14A4073F262DB0AB00A0E349 /* NotificationCell.swift */; };
		14A40743262DB6CC00A0E349 /* Notification.swift in Sources */ = {isa = PBXBuildFile; fileRef = 14A40742262DB6CC00A0E349 /* Notification.swift */; };
		14A40746262DBA7600A0E349 /* NotificationService.swift in Sources */ = {isa = PBXBuildFile; fileRef = 14A40745262DBA7600A0E349 /* NotificationService.swift */; };
		14A40749262DC68100A0E349 /* NotificationViewModel.swift in Sources */ = {isa = PBXBuildFile; fileRef = 14A40748262DC68100A0E349 /* NotificationViewModel.swift */; };
		14C745BD2625DFDF00653AF2 /* UserService.swift in Sources */ = {isa = PBXBuildFile; fileRef = 14C745BC2625DFDF00653AF2 /* UserService.swift */; };
		14C745C02625E04900653AF2 /* Constants.swift in Sources */ = {isa = PBXBuildFile; fileRef = 14C745BF2625E04900653AF2 /* Constants.swift */; };
		14C745C32625E50A00653AF2 /* User.swift in Sources */ = {isa = PBXBuildFile; fileRef = 14C745C22625E50A00653AF2 /* User.swift */; };
		14C745C62625F46F00653AF2 /* ProfileHeaderViewModel.swift in Sources */ = {isa = PBXBuildFile; fileRef = 14C745C52625F46F00653AF2 /* ProfileHeaderViewModel.swift */; };
		14E3694C2626EA1D00F18966 /* UserCellViewModel.swift in Sources */ = {isa = PBXBuildFile; fileRef = 14E3694B2626EA1D00F18966 /* UserCellViewModel.swift */; };
		14E3695126281EEE00F18966 /* UploadPostController.swift in Sources */ = {isa = PBXBuildFile; fileRef = 14E3695026281EEE00F18966 /* UploadPostController.swift */; };
		14E369542628223300F18966 /* InputTextView.swift in Sources */ = {isa = PBXBuildFile; fileRef = 14E369532628223300F18966 /* InputTextView.swift */; };
		14E3695726282ED700F18966 /* PostService.swift in Sources */ = {isa = PBXBuildFile; fileRef = 14E3695626282ED700F18966 /* PostService.swift */; };
		14E3695C2628453900F18966 /* Post.swift in Sources */ = {isa = PBXBuildFile; fileRef = 14E3695B2628453900F18966 /* Post.swift */; };
		14E3695F26284BAC00F18966 /* PostViewModel.swift in Sources */ = {isa = PBXBuildFile; fileRef = 14E3695E26284BAC00F18966 /* PostViewModel.swift */; };
		14E4453A2626D8A70099B520 /* UserCell.swift in Sources */ = {isa = PBXBuildFile; fileRef = 14E445392626D8A70099B520 /* UserCell.swift */; };
		D8A124C401EED2E7CCB63113 /* Pods_InstagramF.framework in Frameworks */ = {isa = PBXBuildFile; fileRef = 52B8219B62F59595520DCDED /* Pods_InstagramF.framework */; };
/* End PBXBuildFile section */

/* Begin PBXFileReference section */
		09B222755407F9EE49FC46B0 /* Pods-InstagramF.release.xcconfig */ = {isa = PBXFileReference; includeInIndex = 1; lastKnownFileType = text.xcconfig; name = "Pods-InstagramF.release.xcconfig"; path = "Target Support Files/Pods-InstagramF/Pods-InstagramF.release.xcconfig"; sourceTree = "<group>"; };
		14333A41262C24D5004F9BF2 /* CommentService.swift */ = {isa = PBXFileReference; lastKnownFileType = sourcecode.swift; path = CommentService.swift; sourceTree = "<group>"; };
		14333A44262C2E65004F9BF2 /* Comment.swift */ = {isa = PBXFileReference; lastKnownFileType = sourcecode.swift; path = Comment.swift; sourceTree = "<group>"; };
		14333A47262C338F004F9BF2 /* CommentViewModel.swift */ = {isa = PBXFileReference; lastKnownFileType = sourcecode.swift; path = CommentViewModel.swift; sourceTree = "<group>"; };
		145674222629B19100EF092D /* CommentController.swift */ = {isa = PBXFileReference; lastKnownFileType = sourcecode.swift; path = CommentController.swift; sourceTree = "<group>"; };
		145674252629B36900EF092D /* CommentCell.swift */ = {isa = PBXFileReference; lastKnownFileType = sourcecode.swift; path = CommentCell.swift; sourceTree = "<group>"; };
		145674282629BF6100EF092D /* CommentInputAccessoryView.swift */ = {isa = PBXFileReference; lastKnownFileType = sourcecode.swift; path = CommentInputAccessoryView.swift; sourceTree = "<group>"; };
		14740001261DAE4700A6D4B4 /* InstagramF.app */ = {isa = PBXFileReference; explicitFileType = wrapper.application; includeInIndex = 0; path = InstagramF.app; sourceTree = BUILT_PRODUCTS_DIR; };
		14740004261DAE4800A6D4B4 /* AppDelegate.swift */ = {isa = PBXFileReference; lastKnownFileType = sourcecode.swift; path = AppDelegate.swift; sourceTree = "<group>"; };
		14740006261DAE4800A6D4B4 /* SceneDelegate.swift */ = {isa = PBXFileReference; lastKnownFileType = sourcecode.swift; path = SceneDelegate.swift; sourceTree = "<group>"; };
		14740008261DAE4800A6D4B4 /* ViewController.swift */ = {isa = PBXFileReference; lastKnownFileType = sourcecode.swift; path = ViewController.swift; sourceTree = "<group>"; };
		1474000B261DAE4800A6D4B4 /* Base */ = {isa = PBXFileReference; lastKnownFileType = file.storyboard; name = Base; path = Base.lproj/Main.storyboard; sourceTree = "<group>"; };
		14740010261DAE4900A6D4B4 /* Base */ = {isa = PBXFileReference; lastKnownFileType = file.storyboard; name = Base; path = Base.lproj/LaunchScreen.storyboard; sourceTree = "<group>"; };
		14740012261DAE4900A6D4B4 /* Info.plist */ = {isa = PBXFileReference; lastKnownFileType = text.plist.xml; path = Info.plist; sourceTree = "<group>"; };
		14740020261DB12800A6D4B4 /* MainTabController.swift */ = {isa = PBXFileReference; lastKnownFileType = sourcecode.swift; path = MainTabController.swift; sourceTree = "<group>"; };
		14740024261DB2E900A6D4B4 /* FeedController.swift */ = {isa = PBXFileReference; lastKnownFileType = sourcecode.swift; path = FeedController.swift; sourceTree = "<group>"; };
		14740027261DB2FE00A6D4B4 /* SearchController.swift */ = {isa = PBXFileReference; lastKnownFileType = sourcecode.swift; path = SearchController.swift; sourceTree = "<group>"; };
		1474002A261DB31B00A6D4B4 /* ImageSelectorController.swift */ = {isa = PBXFileReference; lastKnownFileType = sourcecode.swift; path = ImageSelectorController.swift; sourceTree = "<group>"; };
		1474002D261DB33000A6D4B4 /* NotificationController.swift */ = {isa = PBXFileReference; lastKnownFileType = sourcecode.swift; path = NotificationController.swift; sourceTree = "<group>"; };
		14740030261DB34400A6D4B4 /* ProfileController.swift */ = {isa = PBXFileReference; lastKnownFileType = sourcecode.swift; path = ProfileController.swift; sourceTree = "<group>"; };
		14740037261DB75C00A6D4B4 /* Assets.xcassets */ = {isa = PBXFileReference; lastKnownFileType = folder.assetcatalog; path = Assets.xcassets; sourceTree = SOURCE_ROOT; };
		1474003A261DC6C100A6D4B4 /* FeedCell.swift */ = {isa = PBXFileReference; lastKnownFileType = sourcecode.swift; path = FeedCell.swift; sourceTree = "<group>"; };
		1474003D261DC78700A6D4B4 /* Extensions.swift */ = {isa = PBXFileReference; lastKnownFileType = sourcecode.swift; path = Extensions.swift; sourceTree = "<group>"; };
		14740041261DD85900A6D4B4 /* LoginController.swift */ = {isa = PBXFileReference; lastKnownFileType = sourcecode.swift; path = LoginController.swift; sourceTree = "<group>"; };
		14740044261DD86700A6D4B4 /* RegistrationController.swift */ = {isa = PBXFileReference; lastKnownFileType = sourcecode.swift; path = RegistrationController.swift; sourceTree = "<group>"; };
		14740047261DE1E600A6D4B4 /* CustomTextField.swift */ = {isa = PBXFileReference; lastKnownFileType = sourcecode.swift; path = CustomTextField.swift; sourceTree = "<group>"; };
		1474004A261DEC7C00A6D4B4 /* AuthenticationViewModel.swift */ = {isa = PBXFileReference; lastKnownFileType = sourcecode.swift; path = AuthenticationViewModel.swift; sourceTree = "<group>"; };
		1474004D261DF9B200A6D4B4 /* GoogleService-Info.plist */ = {isa = PBXFileReference; lastKnownFileType = text.plist; path = "GoogleService-Info.plist"; sourceTree = SOURCE_ROOT; };
		1475834426259008005C41BB /* ImageUploader.swift */ = {isa = PBXFileReference; lastKnownFileType = sourcecode.swift; path = ImageUploader.swift; sourceTree = "<group>"; };
		1475834726259018005C41BB /* AuthService.swift */ = {isa = PBXFileReference; lastKnownFileType = sourcecode.swift; path = AuthService.swift; sourceTree = "<group>"; };
		1475834A26259ED5005C41BB /* ProfileCell.swift */ = {isa = PBXFileReference; lastKnownFileType = sourcecode.swift; path = ProfileCell.swift; sourceTree = "<group>"; };
		1475834D26259EE5005C41BB /* ProfileHeader.swift */ = {isa = PBXFileReference; lastKnownFileType = sourcecode.swift; path = ProfileHeader.swift; sourceTree = "<group>"; };
		14A4073F262DB0AB00A0E349 /* NotificationCell.swift */ = {isa = PBXFileReference; lastKnownFileType = sourcecode.swift; path = NotificationCell.swift; sourceTree = "<group>"; };
		14A40742262DB6CC00A0E349 /* Notification.swift */ = {isa = PBXFileReference; lastKnownFileType = sourcecode.swift; path = Notification.swift; sourceTree = "<group>"; };
		14A40745262DBA7600A0E349 /* NotificationService.swift */ = {isa = PBXFileReference; lastKnownFileType = sourcecode.swift; path = NotificationService.swift; sourceTree = "<group>"; };
		14A40748262DC68100A0E349 /* NotificationViewModel.swift */ = {isa = PBXFileReference; lastKnownFileType = sourcecode.swift; path = NotificationViewModel.swift; sourceTree = "<group>"; };
		14C745BC2625DFDF00653AF2 /* UserService.swift */ = {isa = PBXFileReference; lastKnownFileType = sourcecode.swift; path = UserService.swift; sourceTree = "<group>"; };
		14C745BF2625E04900653AF2 /* Constants.swift */ = {isa = PBXFileReference; lastKnownFileType = sourcecode.swift; path = Constants.swift; sourceTree = "<group>"; };
		14C745C22625E50A00653AF2 /* User.swift */ = {isa = PBXFileReference; lastKnownFileType = sourcecode.swift; path = User.swift; sourceTree = "<group>"; };
		14C745C52625F46F00653AF2 /* ProfileHeaderViewModel.swift */ = {isa = PBXFileReference; lastKnownFileType = sourcecode.swift; path = ProfileHeaderViewModel.swift; sourceTree = "<group>"; };
		14E3694B2626EA1D00F18966 /* UserCellViewModel.swift */ = {isa = PBXFileReference; lastKnownFileType = sourcecode.swift; path = UserCellViewModel.swift; sourceTree = "<group>"; };
		14E3695026281EEE00F18966 /* UploadPostController.swift */ = {isa = PBXFileReference; lastKnownFileType = sourcecode.swift; path = UploadPostController.swift; sourceTree = "<group>"; };
		14E369532628223300F18966 /* InputTextView.swift */ = {isa = PBXFileReference; lastKnownFileType = sourcecode.swift; path = InputTextView.swift; sourceTree = "<group>"; };
		14E3695626282ED700F18966 /* PostService.swift */ = {isa = PBXFileReference; lastKnownFileType = sourcecode.swift; path = PostService.swift; sourceTree = "<group>"; };
		14E3695B2628453900F18966 /* Post.swift */ = {isa = PBXFileReference; lastKnownFileType = sourcecode.swift; path = Post.swift; sourceTree = "<group>"; };
		14E3695E26284BAC00F18966 /* PostViewModel.swift */ = {isa = PBXFileReference; lastKnownFileType = sourcecode.swift; path = PostViewModel.swift; sourceTree = "<group>"; };
		14E445392626D8A70099B520 /* UserCell.swift */ = {isa = PBXFileReference; lastKnownFileType = sourcecode.swift; path = UserCell.swift; sourceTree = "<group>"; };
		52B8219B62F59595520DCDED /* Pods_InstagramF.framework */ = {isa = PBXFileReference; explicitFileType = wrapper.framework; includeInIndex = 0; path = Pods_InstagramF.framework; sourceTree = BUILT_PRODUCTS_DIR; };
		EF11555FC9133D7458562ED7 /* Pods-InstagramF.debug.xcconfig */ = {isa = PBXFileReference; includeInIndex = 1; lastKnownFileType = text.xcconfig; name = "Pods-InstagramF.debug.xcconfig"; path = "Target Support Files/Pods-InstagramF/Pods-InstagramF.debug.xcconfig"; sourceTree = "<group>"; };
/* End PBXFileReference section */

/* Begin PBXFrameworksBuildPhase section */
		1474FFFE261DAE4700A6D4B4 /* Frameworks */ = {
			isa = PBXFrameworksBuildPhase;
			buildActionMask = 2147483647;
			files = (
				D8A124C401EED2E7CCB63113 /* Pods_InstagramF.framework in Frameworks */,
			);
			runOnlyForDeploymentPostprocessing = 0;
		};
/* End PBXFrameworksBuildPhase section */

/* Begin PBXGroup section */
		14740002261DAE4700A6D4B4 /* Products */ = {
			isa = PBXGroup;
			children = (
				14740001261DAE4700A6D4B4 /* InstagramF.app */,
			);
			name = Products;
			sourceTree = "<group>";
		};
		14740003261DAE4700A6D4B4 /* InstagramF */ = {
			isa = PBXGroup;
			children = (
				1474001F261DB04F00A6D4B4 /* Model */,
				1474001E261DB04C00A6D4B4 /* View */,
				1474001D261DB04500A6D4B4 /* ViewModel */,
				1474001C261DB04000A6D4B4 /* Controller */,
				1474001B261DB03A00A6D4B4 /* API */,
				14740019261DAF3C00A6D4B4 /* Utils */,
				14740004261DAE4800A6D4B4 /* AppDelegate.swift */,
				14740006261DAE4800A6D4B4 /* SceneDelegate.swift */,
				14740008261DAE4800A6D4B4 /* ViewController.swift */,
				1474000A261DAE4800A6D4B4 /* Main.storyboard */,
				14740037261DB75C00A6D4B4 /* Assets.xcassets */,
				1474000F261DAE4900A6D4B4 /* LaunchScreen.storyboard */,
				14740012261DAE4900A6D4B4 /* Info.plist */,
				1474004D261DF9B200A6D4B4 /* GoogleService-Info.plist */,
			);
			path = InstagramF;
			sourceTree = "<group>";
		};
		14740019261DAF3C00A6D4B4 /* Utils */ = {
			isa = PBXGroup;
			children = (
				1474003D261DC78700A6D4B4 /* Extensions.swift */,
				14C745BF2625E04900653AF2 /* Constants.swift */,
				14E369532628223300F18966 /* InputTextView.swift */,
			);
			path = Utils;
			sourceTree = "<group>";
		};
		1474001B261DB03A00A6D4B4 /* API */ = {
			isa = PBXGroup;
			children = (
				1475834426259008005C41BB /* ImageUploader.swift */,
				1475834726259018005C41BB /* AuthService.swift */,
				14C745BC2625DFDF00653AF2 /* UserService.swift */,
				14E3695626282ED700F18966 /* PostService.swift */,
				14333A41262C24D5004F9BF2 /* CommentService.swift */,
				14A40745262DBA7600A0E349 /* NotificationService.swift */,
			);
			path = API;
			sourceTree = "<group>";
		};
		1474001C261DB04000A6D4B4 /* Controller */ = {
			isa = PBXGroup;
			children = (
				14740040261DD84500A6D4B4 /* Authentication */,
				14740020261DB12800A6D4B4 /* MainTabController.swift */,
				14740024261DB2E900A6D4B4 /* FeedController.swift */,
				14740027261DB2FE00A6D4B4 /* SearchController.swift */,
				1474002A261DB31B00A6D4B4 /* ImageSelectorController.swift */,
				1474002D261DB33000A6D4B4 /* NotificationController.swift */,
				14740030261DB34400A6D4B4 /* ProfileController.swift */,
				14E3695026281EEE00F18966 /* UploadPostController.swift */,
				145674222629B19100EF092D /* CommentController.swift */,
			);
			path = Controller;
			sourceTree = "<group>";
		};
		1474001D261DB04500A6D4B4 /* ViewModel */ = {
			isa = PBXGroup;
			children = (
				1474004A261DEC7C00A6D4B4 /* AuthenticationViewModel.swift */,
				14C745C52625F46F00653AF2 /* ProfileHeaderViewModel.swift */,
				14E3694B2626EA1D00F18966 /* UserCellViewModel.swift */,
				14E3695E26284BAC00F18966 /* PostViewModel.swift */,
				14333A47262C338F004F9BF2 /* CommentViewModel.swift */,
				14A40748262DC68100A0E349 /* NotificationViewModel.swift */,
			);
			path = ViewModel;
			sourceTree = "<group>";
		};
		1474001E261DB04C00A6D4B4 /* View */ = {
			isa = PBXGroup;
			children = (
				1475835026259EF7005C41BB /* Profile */,
				1474003A261DC6C100A6D4B4 /* FeedCell.swift */,
				14740047261DE1E600A6D4B4 /* CustomTextField.swift */,
				14E445392626D8A70099B520 /* UserCell.swift */,
				145674252629B36900EF092D /* CommentCell.swift */,
				145674282629BF6100EF092D /* CommentInputAccessoryView.swift */,
				14A4073F262DB0AB00A0E349 /* NotificationCell.swift */,
			);
			path = View;
			sourceTree = "<group>";
		};
		1474001F261DB04F00A6D4B4 /* Model */ = {
			isa = PBXGroup;
			children = (
				14C745C22625E50A00653AF2 /* User.swift */,
				14E3695B2628453900F18966 /* Post.swift */,
				14333A44262C2E65004F9BF2 /* Comment.swift */,
				14A40742262DB6CC00A0E349 /* Notification.swift */,
			);
			path = Model;
			sourceTree = "<group>";
		};
		14740040261DD84500A6D4B4 /* Authentication */ = {
			isa = PBXGroup;
			children = (
				14740041261DD85900A6D4B4 /* LoginController.swift */,
				14740044261DD86700A6D4B4 /* RegistrationController.swift */,
			);
			path = Authentication;
			sourceTree = "<group>";
		};
		1474FFF8261DAE4700A6D4B4 = {
			isa = PBXGroup;
			children = (
				14740003261DAE4700A6D4B4 /* InstagramF */,
				14740002261DAE4700A6D4B4 /* Products */,
				4FFF08E15D48C330EE1B630A /* Pods */,
				DBC80D97AC3BCB7541DBA91E /* Frameworks */,
			);
			sourceTree = "<group>";
		};
		1475835026259EF7005C41BB /* Profile */ = {
			isa = PBXGroup;
			children = (
				1475834A26259ED5005C41BB /* ProfileCell.swift */,
				1475834D26259EE5005C41BB /* ProfileHeader.swift */,
			);
			path = Profile;
			sourceTree = "<group>";
		};
		4FFF08E15D48C330EE1B630A /* Pods */ = {
			isa = PBXGroup;
			children = (
				EF11555FC9133D7458562ED7 /* Pods-InstagramF.debug.xcconfig */,
				09B222755407F9EE49FC46B0 /* Pods-InstagramF.release.xcconfig */,
			);
			path = Pods;
			sourceTree = "<group>";
		};
		DBC80D97AC3BCB7541DBA91E /* Frameworks */ = {
			isa = PBXGroup;
			children = (
				52B8219B62F59595520DCDED /* Pods_InstagramF.framework */,
			);
			name = Frameworks;
			sourceTree = "<group>";
		};
/* End PBXGroup section */

/* Begin PBXNativeTarget section */
		14740000261DAE4700A6D4B4 /* InstagramF */ = {
			isa = PBXNativeTarget;
			buildConfigurationList = 14740015261DAE4900A6D4B4 /* Build configuration list for PBXNativeTarget "InstagramF" */;
			buildPhases = (
				7C768E08C5C712F77DB17B92 /* [CP] Check Pods Manifest.lock */,
				1474FFFD261DAE4700A6D4B4 /* Sources */,
				1474FFFE261DAE4700A6D4B4 /* Frameworks */,
				1474FFFF261DAE4700A6D4B4 /* Resources */,
				D384764754B6D4A233738241 /* [CP] Embed Pods Frameworks */,
			);
			buildRules = (
			);
			dependencies = (
			);
			name = InstagramF;
			productName = InstagramF;
			productReference = 14740001261DAE4700A6D4B4 /* InstagramF.app */;
			productType = "com.apple.product-type.application";
		};
/* End PBXNativeTarget section */

/* Begin PBXProject section */
		1474FFF9261DAE4700A6D4B4 /* Project object */ = {
			isa = PBXProject;
			attributes = {
				LastSwiftUpdateCheck = 1240;
				LastUpgradeCheck = 1240;
				TargetAttributes = {
					14740000261DAE4700A6D4B4 = {
						CreatedOnToolsVersion = 12.4;
					};
				};
			};
			buildConfigurationList = 1474FFFC261DAE4700A6D4B4 /* Build configuration list for PBXProject "InstagramF" */;
			compatibilityVersion = "Xcode 9.3";
			developmentRegion = en;
			hasScannedForEncodings = 0;
			knownRegions = (
				en,
				Base,
			);
			mainGroup = 1474FFF8261DAE4700A6D4B4;
			productRefGroup = 14740002261DAE4700A6D4B4 /* Products */;
			projectDirPath = "";
			projectRoot = "";
			targets = (
				14740000261DAE4700A6D4B4 /* InstagramF */,
			);
		};
/* End PBXProject section */

/* Begin PBXResourcesBuildPhase section */
		1474FFFF261DAE4700A6D4B4 /* Resources */ = {
			isa = PBXResourcesBuildPhase;
			buildActionMask = 2147483647;
			files = (
				14740011261DAE4900A6D4B4 /* LaunchScreen.storyboard in Resources */,
				1474004E261DF9B200A6D4B4 /* GoogleService-Info.plist in Resources */,
				14740038261DB75C00A6D4B4 /* Assets.xcassets in Resources */,
				1474000C261DAE4800A6D4B4 /* Main.storyboard in Resources */,
			);
			runOnlyForDeploymentPostprocessing = 0;
		};
/* End PBXResourcesBuildPhase section */

/* Begin PBXShellScriptBuildPhase section */
		7C768E08C5C712F77DB17B92 /* [CP] Check Pods Manifest.lock */ = {
			isa = PBXShellScriptBuildPhase;
			buildActionMask = 2147483647;
			files = (
			);
			inputFileListPaths = (
			);
			inputPaths = (
				"${PODS_PODFILE_DIR_PATH}/Podfile.lock",
				"${PODS_ROOT}/Manifest.lock",
			);
			name = "[CP] Check Pods Manifest.lock";
			outputFileListPaths = (
			);
			outputPaths = (
				"$(DERIVED_FILE_DIR)/Pods-InstagramF-checkManifestLockResult.txt",
			);
			runOnlyForDeploymentPostprocessing = 0;
			shellPath = /bin/sh;
			shellScript = "diff \"${PODS_PODFILE_DIR_PATH}/Podfile.lock\" \"${PODS_ROOT}/Manifest.lock\" > /dev/null\nif [ $? != 0 ] ; then\n    # print error to STDERR\n    echo \"error: The sandbox is not in sync with the Podfile.lock. Run 'pod install' or update your CocoaPods installation.\" >&2\n    exit 1\nfi\n# This output is used by Xcode 'outputs' to avoid re-running this script phase.\necho \"SUCCESS\" > \"${SCRIPT_OUTPUT_FILE_0}\"\n";
			showEnvVarsInLog = 0;
		};
		D384764754B6D4A233738241 /* [CP] Embed Pods Frameworks */ = {
			isa = PBXShellScriptBuildPhase;
			buildActionMask = 2147483647;
			files = (
			);
			inputFileListPaths = (
				"${PODS_ROOT}/Target Support Files/Pods-InstagramF/Pods-InstagramF-frameworks-${CONFIGURATION}-input-files.xcfilelist",
			);
			name = "[CP] Embed Pods Frameworks";
			outputFileListPaths = (
				"${PODS_ROOT}/Target Support Files/Pods-InstagramF/Pods-InstagramF-frameworks-${CONFIGURATION}-output-files.xcfilelist",
			);
			runOnlyForDeploymentPostprocessing = 0;
			shellPath = /bin/sh;
			shellScript = "\"${PODS_ROOT}/Target Support Files/Pods-InstagramF/Pods-InstagramF-frameworks.sh\"\n";
			showEnvVarsInLog = 0;
		};
/* End PBXShellScriptBuildPhase section */

/* Begin PBXSourcesBuildPhase section */
		1474FFFD261DAE4700A6D4B4 /* Sources */ = {
			isa = PBXSourcesBuildPhase;
			buildActionMask = 2147483647;
			files = (
				14333A48262C338F004F9BF2 /* CommentViewModel.swift in Sources */,
				14A40749262DC68100A0E349 /* NotificationViewModel.swift in Sources */,
				14E3695F26284BAC00F18966 /* PostViewModel.swift in Sources */,
				14740048261DE1E600A6D4B4 /* CustomTextField.swift in Sources */,
				1475834E26259EE5005C41BB /* ProfileHeader.swift in Sources */,
				145674232629B19100EF092D /* CommentController.swift in Sources */,
				14E3695126281EEE00F18966 /* UploadPostController.swift in Sources */,
				14740009261DAE4800A6D4B4 /* ViewController.swift in Sources */,
				14740042261DD85900A6D4B4 /* LoginController.swift in Sources */,
				1474003B261DC6C100A6D4B4 /* FeedCell.swift in Sources */,
				1474002B261DB31B00A6D4B4 /* ImageSelectorController.swift in Sources */,
				14333A42262C24D5004F9BF2 /* CommentService.swift in Sources */,
				14333A45262C2E65004F9BF2 /* Comment.swift in Sources */,
				14A40743262DB6CC00A0E349 /* Notification.swift in Sources */,
				1474002E261DB33000A6D4B4 /* NotificationController.swift in Sources */,
				1474004B261DEC7C00A6D4B4 /* AuthenticationViewModel.swift in Sources */,
				14E4453A2626D8A70099B520 /* UserCell.swift in Sources */,
				14740028261DB2FE00A6D4B4 /* SearchController.swift in Sources */,
				14740005261DAE4800A6D4B4 /* AppDelegate.swift in Sources */,
				14C745C32625E50A00653AF2 /* User.swift in Sources */,
				14740031261DB34400A6D4B4 /* ProfileController.swift in Sources */,
				145674292629BF6100EF092D /* CommentInputAccessoryView.swift in Sources */,
				14C745C62625F46F00653AF2 /* ProfileHeaderViewModel.swift in Sources */,
				14E369542628223300F18966 /* InputTextView.swift in Sources */,
				14C745C02625E04900653AF2 /* Constants.swift in Sources */,
				14740025261DB2E900A6D4B4 /* FeedController.swift in Sources */,
				14E3694C2626EA1D00F18966 /* UserCellViewModel.swift in Sources */,
				14740021261DB12800A6D4B4 /* MainTabController.swift in Sources */,
				1474003E261DC78700A6D4B4 /* Extensions.swift in Sources */,
				14A40746262DBA7600A0E349 /* NotificationService.swift in Sources */,
				1475834526259008005C41BB /* ImageUploader.swift in Sources */,
				14E3695C2628453900F18966 /* Post.swift in Sources */,
				1475834826259018005C41BB /* AuthService.swift in Sources */,
				14E3695726282ED700F18966 /* PostService.swift in Sources */,
				14C745BD2625DFDF00653AF2 /* UserService.swift in Sources */,
				1475834B26259ED5005C41BB /* ProfileCell.swift in Sources */,
				14740007261DAE4800A6D4B4 /* SceneDelegate.swift in Sources */,
				14A40740262DB0AB00A0E349 /* NotificationCell.swift in Sources */,
				14740045261DD86700A6D4B4 /* RegistrationController.swift in Sources */,
				145674262629B36900EF092D /* CommentCell.swift in Sources */,
			);
			runOnlyForDeploymentPostprocessing = 0;
		};
/* End PBXSourcesBuildPhase section */

/* Begin PBXVariantGroup section */
		1474000A261DAE4800A6D4B4 /* Main.storyboard */ = {
			isa = PBXVariantGroup;
			children = (
				1474000B261DAE4800A6D4B4 /* Base */,
			);
			name = Main.storyboard;
			sourceTree = "<group>";
		};
		1474000F261DAE4900A6D4B4 /* LaunchScreen.storyboard */ = {
			isa = PBXVariantGroup;
			children = (
				14740010261DAE4900A6D4B4 /* Base */,
			);
			name = LaunchScreen.storyboard;
			sourceTree = "<group>";
		};
/* End PBXVariantGroup section */

/* Begin XCBuildConfiguration section */
		14740013261DAE4900A6D4B4 /* Debug */ = {
			isa = XCBuildConfiguration;
			buildSettings = {
				ALWAYS_SEARCH_USER_PATHS = NO;
				CLANG_ANALYZER_NONNULL = YES;
				CLANG_ANALYZER_NUMBER_OBJECT_CONVERSION = YES_AGGRESSIVE;
				CLANG_CXX_LANGUAGE_STANDARD = "gnu++14";
				CLANG_CXX_LIBRARY = "libc++";
				CLANG_ENABLE_MODULES = YES;
				CLANG_ENABLE_OBJC_ARC = YES;
				CLANG_ENABLE_OBJC_WEAK = YES;
				CLANG_WARN_BLOCK_CAPTURE_AUTORELEASING = YES;
				CLANG_WARN_BOOL_CONVERSION = YES;
				CLANG_WARN_COMMA = YES;
				CLANG_WARN_CONSTANT_CONVERSION = YES;
				CLANG_WARN_DEPRECATED_OBJC_IMPLEMENTATIONS = YES;
				CLANG_WARN_DIRECT_OBJC_ISA_USAGE = YES_ERROR;
				CLANG_WARN_DOCUMENTATION_COMMENTS = YES;
				CLANG_WARN_EMPTY_BODY = YES;
				CLANG_WARN_ENUM_CONVERSION = YES;
				CLANG_WARN_INFINITE_RECURSION = YES;
				CLANG_WARN_INT_CONVERSION = YES;
				CLANG_WARN_NON_LITERAL_NULL_CONVERSION = YES;
				CLANG_WARN_OBJC_IMPLICIT_RETAIN_SELF = YES;
				CLANG_WARN_OBJC_LITERAL_CONVERSION = YES;
				CLANG_WARN_OBJC_ROOT_CLASS = YES_ERROR;
				CLANG_WARN_QUOTED_INCLUDE_IN_FRAMEWORK_HEADER = YES;
				CLANG_WARN_RANGE_LOOP_ANALYSIS = YES;
				CLANG_WARN_STRICT_PROTOTYPES = YES;
				CLANG_WARN_SUSPICIOUS_MOVE = YES;
				CLANG_WARN_UNGUARDED_AVAILABILITY = YES_AGGRESSIVE;
				CLANG_WARN_UNREACHABLE_CODE = YES;
				CLANG_WARN__DUPLICATE_METHOD_MATCH = YES;
				COPY_PHASE_STRIP = NO;
				DEBUG_INFORMATION_FORMAT = dwarf;
				ENABLE_STRICT_OBJC_MSGSEND = YES;
				ENABLE_TESTABILITY = YES;
				GCC_C_LANGUAGE_STANDARD = gnu11;
				GCC_DYNAMIC_NO_PIC = NO;
				GCC_NO_COMMON_BLOCKS = YES;
				GCC_OPTIMIZATION_LEVEL = 0;
				GCC_PREPROCESSOR_DEFINITIONS = (
					"DEBUG=1",
					"$(inherited)",
				);
				GCC_WARN_64_TO_32_BIT_CONVERSION = YES;
				GCC_WARN_ABOUT_RETURN_TYPE = YES_ERROR;
				GCC_WARN_UNDECLARED_SELECTOR = YES;
				GCC_WARN_UNINITIALIZED_AUTOS = YES_AGGRESSIVE;
				GCC_WARN_UNUSED_FUNCTION = YES;
				GCC_WARN_UNUSED_VARIABLE = YES;
				IPHONEOS_DEPLOYMENT_TARGET = 14.4;
				MTL_ENABLE_DEBUG_INFO = INCLUDE_SOURCE;
				MTL_FAST_MATH = YES;
				ONLY_ACTIVE_ARCH = YES;
				SDKROOT = iphoneos;
				SWIFT_ACTIVE_COMPILATION_CONDITIONS = DEBUG;
				SWIFT_OPTIMIZATION_LEVEL = "-Onone";
			};
			name = Debug;
		};
		14740014261DAE4900A6D4B4 /* Release */ = {
			isa = XCBuildConfiguration;
			buildSettings = {
				ALWAYS_SEARCH_USER_PATHS = NO;
				CLANG_ANALYZER_NONNULL = YES;
				CLANG_ANALYZER_NUMBER_OBJECT_CONVERSION = YES_AGGRESSIVE;
				CLANG_CXX_LANGUAGE_STANDARD = "gnu++14";
				CLANG_CXX_LIBRARY = "libc++";
				CLANG_ENABLE_MODULES = YES;
				CLANG_ENABLE_OBJC_ARC = YES;
				CLANG_ENABLE_OBJC_WEAK = YES;
				CLANG_WARN_BLOCK_CAPTURE_AUTORELEASING = YES;
				CLANG_WARN_BOOL_CONVERSION = YES;
				CLANG_WARN_COMMA = YES;
				CLANG_WARN_CONSTANT_CONVERSION = YES;
				CLANG_WARN_DEPRECATED_OBJC_IMPLEMENTATIONS = YES;
				CLANG_WARN_DIRECT_OBJC_ISA_USAGE = YES_ERROR;
				CLANG_WARN_DOCUMENTATION_COMMENTS = YES;
				CLANG_WARN_EMPTY_BODY = YES;
				CLANG_WARN_ENUM_CONVERSION = YES;
				CLANG_WARN_INFINITE_RECURSION = YES;
				CLANG_WARN_INT_CONVERSION = YES;
				CLANG_WARN_NON_LITERAL_NULL_CONVERSION = YES;
				CLANG_WARN_OBJC_IMPLICIT_RETAIN_SELF = YES;
				CLANG_WARN_OBJC_LITERAL_CONVERSION = YES;
				CLANG_WARN_OBJC_ROOT_CLASS = YES_ERROR;
				CLANG_WARN_QUOTED_INCLUDE_IN_FRAMEWORK_HEADER = YES;
				CLANG_WARN_RANGE_LOOP_ANALYSIS = YES;
				CLANG_WARN_STRICT_PROTOTYPES = YES;
				CLANG_WARN_SUSPICIOUS_MOVE = YES;
				CLANG_WARN_UNGUARDED_AVAILABILITY = YES_AGGRESSIVE;
				CLANG_WARN_UNREACHABLE_CODE = YES;
				CLANG_WARN__DUPLICATE_METHOD_MATCH = YES;
				COPY_PHASE_STRIP = NO;
				DEBUG_INFORMATION_FORMAT = "dwarf-with-dsym";
				ENABLE_NS_ASSERTIONS = NO;
				ENABLE_STRICT_OBJC_MSGSEND = YES;
				GCC_C_LANGUAGE_STANDARD = gnu11;
				GCC_NO_COMMON_BLOCKS = YES;
				GCC_WARN_64_TO_32_BIT_CONVERSION = YES;
				GCC_WARN_ABOUT_RETURN_TYPE = YES_ERROR;
				GCC_WARN_UNDECLARED_SELECTOR = YES;
				GCC_WARN_UNINITIALIZED_AUTOS = YES_AGGRESSIVE;
				GCC_WARN_UNUSED_FUNCTION = YES;
				GCC_WARN_UNUSED_VARIABLE = YES;
				IPHONEOS_DEPLOYMENT_TARGET = 14.4;
				MTL_ENABLE_DEBUG_INFO = NO;
				MTL_FAST_MATH = YES;
				SDKROOT = iphoneos;
				SWIFT_COMPILATION_MODE = wholemodule;
				SWIFT_OPTIMIZATION_LEVEL = "-O";
				VALIDATE_PRODUCT = YES;
			};
			name = Release;
		};
		14740016261DAE4900A6D4B4 /* Debug */ = {
			isa = XCBuildConfiguration;
			baseConfigurationReference = EF11555FC9133D7458562ED7 /* Pods-InstagramF.debug.xcconfig */;
			buildSettings = {
				ASSETCATALOG_COMPILER_APPICON_NAME = AppIcon;
				ASSETCATALOG_COMPILER_GLOBAL_ACCENT_COLOR_NAME = AccentColor;
				CODE_SIGN_STYLE = Automatic;
				DEVELOPMENT_TEAM = BBD9R4HKY2;
				INFOPLIST_FILE = InstagramF/Info.plist;
				LD_RUNPATH_SEARCH_PATHS = (
					"$(inherited)",
					"@executable_path/Frameworks",
				);
				PRODUCT_BUNDLE_IDENTIFIER = HellizarApps.com.InstagramF;
				PRODUCT_NAME = "$(TARGET_NAME)";
				SWIFT_VERSION = 5.0;
				TARGETED_DEVICE_FAMILY = "1,2";
			};
			name = Debug;
		};
		14740017261DAE4900A6D4B4 /* Release */ = {
			isa = XCBuildConfiguration;
			baseConfigurationReference = 09B222755407F9EE49FC46B0 /* Pods-InstagramF.release.xcconfig */;
			buildSettings = {
				ASSETCATALOG_COMPILER_APPICON_NAME = AppIcon;
				ASSETCATALOG_COMPILER_GLOBAL_ACCENT_COLOR_NAME = AccentColor;
				CODE_SIGN_STYLE = Automatic;
				DEVELOPMENT_TEAM = BBD9R4HKY2;
				INFOPLIST_FILE = InstagramF/Info.plist;
				LD_RUNPATH_SEARCH_PATHS = (
					"$(inherited)",
					"@executable_path/Frameworks",
				);
				PRODUCT_BUNDLE_IDENTIFIER = HellizarApps.com.InstagramF;
				PRODUCT_NAME = "$(TARGET_NAME)";
				SWIFT_VERSION = 5.0;
				TARGETED_DEVICE_FAMILY = "1,2";
			};
			name = Release;
		};
/* End XCBuildConfiguration section */

/* Begin XCConfigurationList section */
		14740015261DAE4900A6D4B4 /* Build configuration list for PBXNativeTarget "InstagramF" */ = {
			isa = XCConfigurationList;
			buildConfigurations = (
				14740016261DAE4900A6D4B4 /* Debug */,
				14740017261DAE4900A6D4B4 /* Release */,
			);
			defaultConfigurationIsVisible = 0;
			defaultConfigurationName = Release;
		};
		1474FFFC261DAE4700A6D4B4 /* Build configuration list for PBXProject "InstagramF" */ = {
			isa = XCConfigurationList;
			buildConfigurations = (
				14740013261DAE4900A6D4B4 /* Debug */,
				14740014261DAE4900A6D4B4 /* Release */,
			);
			defaultConfigurationIsVisible = 0;
			defaultConfigurationName = Release;
		};
/* End XCConfigurationList section */
	};
	rootObject = 1474FFF9261DAE4700A6D4B4 /* Project object */;
}
